// !$*UTF8*$!
{
	archiveVersion = 1;
	classes = {
	};
	objectVersion = 77;
	objects = {

/* Begin PBXBuildFile section */
		3905E6A330370B12005CEFCB /* Moya in Frameworks */ = {isa = PBXBuildFile; productRef = 3905E6A230370B12005CEFCB /* Moya */; };
		3917BA91303418100014022F /* ComposableArchitecture in Frameworks */ = {isa = PBXBuildFile; productRef = 3917BA90303418100014022F /* ComposableArchitecture */; };
/* End PBXBuildFile section */

/* Begin PBXContainerItemProxy section */
		3905E6DC303D81DD005CEFCB /* PBXContainerItemProxy */ = {
			isa = PBXContainerItemProxy;
			containerPortal = 397517C2303414C900E3FB85 /* Project object */;
			proxyType = 1;
			remoteGlobalIDString = 397517C9303414C900E3FB85;
			remoteInfo = "Weather-TCA";
		};
/* End PBXContainerItemProxy section */

/* Begin PBXFileReference section */
		3905E6D8303D81DD005CEFCB /* Weather-TCATests.xctest */ = {isa = PBXFileReference; explicitFileType = wrapper.cfbundle; includeInIndex = 0; path = "Weather-TCATests.xctest"; sourceTree = BUILT_PRODUCTS_DIR; };
		397517CA303414C900E3FB85 /* Weather-TCA.app */ = {isa = PBXFileReference; explicitFileType = wrapper.application; includeInIndex = 0; path = "Weather-TCA.app"; sourceTree = BUILT_PRODUCTS_DIR; };
/* End PBXFileReference section */

/* Begin PBXFileSystemSynchronizedBuildFileExceptionSet section */
		396D36573044AF5C0083A408 /* Exceptions for "Weather-TCA" folder in "Weather-TCA" target */ = {
			isa = PBXFileSystemSynchronizedBuildFileExceptionSet;
			membershipExceptions = (
				Info.plist,
			);
			target = 397517C9303414C900E3FB85 /* Weather-TCA */;
		};
/* End PBXFileSystemSynchronizedBuildFileExceptionSet section */

/* Begin PBXFileSystemSynchronizedRootGroup section */
		3905E6D9303D81DD005CEFCB /* Weather-TCATests */ = {
			isa = PBXFileSystemSynchronizedRootGroup;
			path = "Weather-TCATests";
			sourceTree = "<group>";
		};
		397517CC303414C900E3FB85 /* Weather-TCA */ = {
			isa = PBXFileSystemSynchronizedRootGroup;
			exceptions = (
				396D36573044AF5C0083A408 /* Exceptions for "Weather-TCA" folder in "Weather-TCA" target */,
			);
			path = "Weather-TCA";
			sourceTree = "<group>";
		};
/* End PBXFileSystemSynchronizedRootGroup section */

/* Begin PBXFrameworksBuildPhase section */
		3905E6D5303D81DC005CEFCB /* Frameworks */ = {
			isa = PBXFrameworksBuildPhase;
			buildActionMask = 2147483647;
			files = (
			);
			runOnlyForDeploymentPostprocessing = 0;
		};
		397517C7303414C900E3FB85 /* Frameworks */ = {
			isa = PBXFrameworksBuildPhase;
			buildActionMask = 2147483647;
			files = (
				3905E6A330370B12005CEFCB /* Moya in Frameworks */,
				3917BA91303418100014022F /* ComposableArchitecture in Frameworks */,
			);
			runOnlyForDeploymentPostprocessing = 0;
		};
/* End PBXFrameworksBuildPhase section */

/* Begin PBXGroup section */
		3905E6A130370B12005CEFCB /* Frameworks */ = {
			isa = PBXGroup;
			children = (
			);
			name = Frameworks;
			sourceTree = "<group>";
		};
		397517C1303414C900E3FB85 = {
			isa = PBXGroup;
			children = (
				397517CC303414C900E3FB85 /* Weather-TCA */,
				3905E6D9303D81DD005CEFCB /* Weather-TCATests */,
				3905E6A130370B12005CEFCB /* Frameworks */,
				397517CB303414C900E3FB85 /* Products */,
			);
			sourceTree = "<group>";
		};
		397517CB303414C900E3FB85 /* Products */ = {
			isa = PBXGroup;
			children = (
				397517CA303414C900E3FB85 /* Weather-TCA.app */,
				3905E6D8303D81DD005CEFCB /* Weather-TCATests.xctest */,
			);
			name = Products;
			sourceTree = "<group>";
		};
/* End PBXGroup section */

/* Begin PBXNativeTarget section */
		3905E6D7303D81DC005CEFCB /* Weather-TCATests */ = {
			isa = PBXNativeTarget;
			buildConfigurationList = 3905E6DE303D81DD005CEFCB /* Build configuration list for PBXNativeTarget "Weather-TCATests" */;
			buildPhases = (
				3905E6D4303D81DC005CEFCB /* Sources */,
				3905E6D5303D81DC005CEFCB /* Frameworks */,
				3905E6D6303D81DC005CEFCB /* Resources */,
			);
			buildRules = (
			);
			dependencies = (
				3905E6DD303D81DD005CEFCB /* PBXTargetDependency */,
			);
			fileSystemSynchronizedGroups = (
				3905E6D9303D81DD005CEFCB /* Weather-TCATests */,
			);
			name = "Weather-TCATests";
			packageProductDependencies = (
			);
			productName = "Weather-TCATests";
			productReference = 3905E6D8303D81DD005CEFCB /* Weather-TCATests.xctest */;
			productType = "com.apple.product-type.bundle.unit-test";
		};
		397517C9303414C900E3FB85 /* Weather-TCA */ = {
			isa = PBXNativeTarget;
			buildConfigurationList = 397517D5303414CA00E3FB85 /* Build configuration list for PBXNativeTarget "Weather-TCA" */;
			buildPhases = (
				397517C6303414C900E3FB85 /* Sources */,
				397517C7303414C900E3FB85 /* Frameworks */,
				397517C8303414C900E3FB85 /* Resources */,
			);
			buildRules = (
			);
			dependencies = (
			);
			fileSystemSynchronizedGroups = (
				397517CC303414C900E3FB85 /* Weather-TCA */,
			);
			name = "Weather-TCA";
			packageProductDependencies = (
				3917BA90303418100014022F /* ComposableArchitecture */,
				3905E6A230370B12005CEFCB /* Moya */,
			);
			productName = "Weather-TCA";
			productReference = 397517CA303414C900E3FB85 /* Weather-TCA.app */;
			productType = "com.apple.product-type.application";
		};
/* End PBXNativeTarget section */

/* Begin PBXProject section */
		397517C2303414C900E3FB85 /* Project object */ = {
			isa = PBXProject;
			attributes = {
				BuildIndependentTargetsInParallel = 1;
				LastSwiftUpdateCheck = 1640;
				LastUpgradeCheck = 1640;
				TargetAttributes = {
					3905E6D7303D81DC005CEFCB = {
						CreatedOnToolsVersion = 16.4;
						TestTargetID = 397517C9303414C900E3FB85;
					};
					397517C9303414C900E3FB85 = {
						CreatedOnToolsVersion = 16.4;
					};
				};
			};
			buildConfigurationList = 397517C5303414C900E3FB85 /* Build configuration list for PBXProject "Weather-TCA" */;
			developmentRegion = en;
			hasScannedForEncodings = 0;
			knownRegions = (
				en,
				Base,
			);
			mainGroup = 397517C1303414C900E3FB85;
			minimizedProjectReferenceProxies = 1;
			packageReferences = (
				3917BA8F303418100014022F /* XCRemoteSwiftPackageReference "swift-composable-architecture" */,
				3917BAAD3036C2950014022F /* XCRemoteSwiftPackageReference "Moya" */,
			);
			preferredProjectObjectVersion = 77;
			productRefGroup = 397517CB303414C900E3FB85 /* Products */;
			projectDirPath = "";
			projectRoot = "";
			targets = (
				397517C9303414C900E3FB85 /* Weather-TCA */,
				3905E6D7303D81DC005CEFCB /* Weather-TCATests */,
			);
		};
/* End PBXProject section */

/* Begin PBXResourcesBuildPhase section */
		3905E6D6303D81DC005CEFCB /* Resources */ = {
			isa = PBXResourcesBuildPhase;
			buildActionMask = 2147483647;
			files = (
			);
			runOnlyForDeploymentPostprocessing = 0;
		};
		397517C8303414C900E3FB85 /* Resources */ = {
			isa = PBXResourcesBuildPhase;
			buildActionMask = 2147483647;
			files = (
			);
			runOnlyForDeploymentPostprocessing = 0;
		};
/* End PBXResourcesBuildPhase section */

/* Begin PBXSourcesBuildPhase section */
		3905E6D4303D81DC005CEFCB /* Sources */ = {
			isa = PBXSourcesBuildPhase;
			buildActionMask = 2147483647;
			files = (
			);
			runOnlyForDeploymentPostprocessing = 0;
		};
		397517C6303414C900E3FB85 /* Sources */ = {
			isa = PBXSourcesBuildPhase;
			buildActionMask = 2147483647;
			files = (
			);
			runOnlyForDeploymentPostprocessing = 0;
		};
/* End PBXSourcesBuildPhase section */

/* Begin PBXTargetDependency section */
		3905E6DD303D81DD005CEFCB /* PBXTargetDependency */ = {
			isa = PBXTargetDependency;
			target = 397517C9303414C900E3FB85 /* Weather-TCA */;
			targetProxy = 3905E6DC303D81DD005CEFCB /* PBXContainerItemProxy */;
		};
/* End PBXTargetDependency section */

/* Begin XCBuildConfiguration section */
		3905E6DF303D81DD005CEFCB /* Debug */ = {
			isa = XCBuildConfiguration;
			baseConfigurationReferenceAnchor = 397517CC303414C900E3FB85 /* Weather-TCA */;
			baseConfigurationReferenceRelativePath = Secrets.xcconfig;
			buildSettings = {
				BUNDLE_LOADER = "$(TEST_HOST)";
				CODE_SIGN_STYLE = Automatic;
				CURRENT_PROJECT_VERSION = 1;
				DEVELOPMENT_TEAM = 45ZBS99NG3;
				GENERATE_INFOPLIST_FILE = YES;
				MARKETING_VERSION = 1.0;
				PRODUCT_BUNDLE_IDENTIFIER = "com.min.Weather-TCATests";
				PRODUCT_NAME = "$(TARGET_NAME)";
				SWIFT_EMIT_LOC_STRINGS = NO;
				SWIFT_VERSION = 5.0;
				TARGETED_DEVICE_FAMILY = "1,2";
				TEST_HOST = "$(BUILT_PRODUCTS_DIR)/Weather-TCA.app/$(BUNDLE_EXECUTABLE_FOLDER_PATH)/Weather-TCA";
			};
			name = Debug;
		};
		3905E6E0303D81DD005CEFCB /* Release */ = {
			isa = XCBuildConfiguration;
			baseConfigurationReferenceAnchor = 397517CC303414C900E3FB85 /* Weather-TCA */;
			baseConfigurationReferenceRelativePath = Secrets.xcconfig;
			buildSettings = {
				BUNDLE_LOADER = "$(TEST_HOST)";
				CODE_SIGN_STYLE = Automatic;
				CURRENT_PROJECT_VERSION = 1;
				DEVELOPMENT_TEAM = 45ZBS99NG3;
				GENERATE_INFOPLIST_FILE = YES;
				MARKETING_VERSION = 1.0;
				PRODUCT_BUNDLE_IDENTIFIER = "com.min.Weather-TCATests";
				PRODUCT_NAME = "$(TARGET_NAME)";
				SWIFT_EMIT_LOC_STRINGS = NO;
				SWIFT_VERSION = 5.0;
				TARGETED_DEVICE_FAMILY = "1,2";
				TEST_HOST = "$(BUILT_PRODUCTS_DIR)/Weather-TCA.app/$(BUNDLE_EXECUTABLE_FOLDER_PATH)/Weather-TCA";
			};
			name = Release;
		};
		397517D3303414CA00E3FB85 /* Debug */ = {
			isa = XCBuildConfiguration;
			baseConfigurationReferenceAnchor = 397517CC303414C900E3FB85 /* Weather-TCA */;
			baseConfigurationReferenceRelativePath = Secrets.xcconfig;
			buildSettings = {
				ALWAYS_SEARCH_USER_PATHS = NO;
				ASSETCATALOG_COMPILER_GENERATE_SWIFT_ASSET_SYMBOL_EXTENSIONS = YES;
				CLANG_ANALYZER_NONNULL = YES;
				CLANG_ANALYZER_NUMBER_OBJECT_CONVERSION = YES_AGGRESSIVE;
				CLANG_CXX_LANGUAGE_STANDARD = "gnu++20";
				CLANG_ENABLE_MODULES = YES;
				CLANG_ENABLE_OBJC_ARC = YES;
				CLANG_ENABLE_OBJC_WEAK = YES;
				CLANG_WARN_BLOCK_CAPTURE_AUTORELEASING = YES;
				CLANG_WARN_BOOL_CONVERSION = YES;
				CLANG_WARN_COMMA = YES;
				CLANG_WARN_CONSTANT_CONVERSION = YES;
				CLANG_WARN_DEPRECATED_OBJC_IMPLEMENTATIONS = YES;
				CLANG_WARN_DIRECT_OBJC_ISA_USAGE = YES_ERROR;
				CLANG_WARN_DOCUMENTATION_COMMENTS = YES;
				CLANG_WARN_EMPTY_BODY = YES;
				CLANG_WARN_ENUM_CONVERSION = YES;
				CLANG_WARN_INFINITE_RECURSION = YES;
				CLANG_WARN_INT_CONVERSION = YES;
				CLANG_WARN_NON_LITERAL_NULL_CONVERSION = YES;
				CLANG_WARN_OBJC_IMPLICIT_RETAIN_SELF = YES;
				CLANG_WARN_OBJC_LITERAL_CONVERSION = YES;
				CLANG_WARN_OBJC_ROOT_CLASS = YES_ERROR;
				CLANG_WARN_QUOTED_INCLUDE_IN_FRAMEWORK_HEADER = YES;
				CLANG_WARN_RANGE_LOOP_ANALYSIS = YES;
				CLANG_WARN_STRICT_PROTOTYPES = YES;
				CLANG_WARN_SUSPICIOUS_MOVE = YES;
				CLANG_WARN_UNGUARDED_AVAILABILITY = YES_AGGRESSIVE;
				CLANG_WARN_UNREACHABLE_CODE = YES;
				CLANG_WARN__DUPLICATE_METHOD_MATCH = YES;
				COPY_PHASE_STRIP = NO;
				DEBUG_INFORMATION_FORMAT = dwarf;
				DEVELOPMENT_TEAM = 45ZBS99NG3;
				ENABLE_STRICT_OBJC_MSGSEND = YES;
				ENABLE_TESTABILITY = YES;
				ENABLE_USER_SCRIPT_SANDBOXING = YES;
				GCC_C_LANGUAGE_STANDARD = gnu17;
				GCC_DYNAMIC_NO_PIC = NO;
				GCC_NO_COMMON_BLOCKS = YES;
				GCC_OPTIMIZATION_LEVEL = 0;
				GCC_PREPROCESSOR_DEFINITIONS = (
					"DEBUG=1",
					"$(inherited)",
				);
				GCC_WARN_64_TO_32_BIT_CONVERSION = YES;
				GCC_WARN_ABOUT_RETURN_TYPE = YES_ERROR;
				GCC_WARN_UNDECLARED_SELECTOR = YES;
				GCC_WARN_UNINITIALIZED_AUTOS = YES_AGGRESSIVE;
				GCC_WARN_UNUSED_FUNCTION = YES;
				GCC_WARN_UNUSED_VARIABLE = YES;
				IPHONEOS_DEPLOYMENT_TARGET = 18.5;
				LOCALIZATION_PREFERS_STRING_CATALOGS = YES;
				MTL_ENABLE_DEBUG_INFO = INCLUDE_SOURCE;
				MTL_FAST_MATH = YES;
				ONLY_ACTIVE_ARCH = YES;
				SDKROOT = iphoneos;
				SWIFT_ACTIVE_COMPILATION_CONDITIONS = "DEBUG $(inherited)";
				SWIFT_OPTIMIZATION_LEVEL = "-Onone";
			};
			name = Debug;
		};
		397517D4303414CA00E3FB85 /* Release */ = {
			isa = XCBuildConfiguration;
			baseConfigurationReferenceAnchor = 397517CC303414C900E3FB85 /* Weather-TCA */;
			baseConfigurationReferenceRelativePath = Secrets.xcconfig;
			buildSettings = {
				ALWAYS_SEARCH_USER_PATHS = NO;
				ASSETCATALOG_COMPILER_GENERATE_SWIFT_ASSET_SYMBOL_EXTENSIONS = YES;
				CLANG_ANALYZER_NONNULL = YES;
				CLANG_ANALYZER_NUMBER_OBJECT_CONVERSION = YES_AGGRESSIVE;
				CLANG_CXX_LANGUAGE_STANDARD = "gnu++20";
				CLANG_ENABLE_MODULES = YES;
				CLANG_ENABLE_OBJC_ARC = YES;
				CLANG_ENABLE_OBJC_WEAK = YES;
				CLANG_WARN_BLOCK_CAPTURE_AUTORELEASING = YES;
				CLANG_WARN_BOOL_CONVERSION = YES;
				CLANG_WARN_COMMA = YES;
				CLANG_WARN_CONSTANT_CONVERSION = YES;
				CLANG_WARN_DEPRECATED_OBJC_IMPLEMENTATIONS = YES;
				CLANG_WARN_DIRECT_OBJC_ISA_USAGE = YES_ERROR;
				CLANG_WARN_DOCUMENTATION_COMMENTS = YES;
				CLANG_WARN_EMPTY_BODY = YES;
				CLANG_WARN_ENUM_CONVERSION = YES;
				CLANG_WARN_INFINITE_RECURSION = YES;
				CLANG_WARN_INT_CONVERSION = YES;
				CLANG_WARN_NON_LITERAL_NULL_CONVERSION = YES;
				CLANG_WARN_OBJC_IMPLICIT_RETAIN_SELF = YES;
				CLANG_WARN_OBJC_LITERAL_CONVERSION = YES;
				CLANG_WARN_OBJC_ROOT_CLASS = YES_ERROR;
				CLANG_WARN_QUOTED_INCLUDE_IN_FRAMEWORK_HEADER = YES;
				CLANG_WARN_RANGE_LOOP_ANALYSIS = YES;
				CLANG_WARN_STRICT_PROTOTYPES = YES;
				CLANG_WARN_SUSPICIOUS_MOVE = YES;
				CLANG_WARN_UNGUARDED_AVAILABILITY = YES_AGGRESSIVE;
				CLANG_WARN_UNREACHABLE_CODE = YES;
				CLANG_WARN__DUPLICATE_METHOD_MATCH = YES;
				COPY_PHASE_STRIP = NO;
				DEBUG_INFORMATION_FORMAT = "dwarf-with-dsym";
				DEVELOPMENT_TEAM = 45ZBS99NG3;
				ENABLE_NS_ASSERTIONS = NO;
				ENABLE_STRICT_OBJC_MSGSEND = YES;
				ENABLE_USER_SCRIPT_SANDBOXING = YES;
				GCC_C_LANGUAGE_STANDARD = gnu17;
				GCC_NO_COMMON_BLOCKS = YES;
				GCC_WARN_64_TO_32_BIT_CONVERSION = YES;
				GCC_WARN_ABOUT_RETURN_TYPE = YES_ERROR;
				GCC_WARN_UNDECLARED_SELECTOR = YES;
				GCC_WARN_UNINITIALIZED_AUTOS = YES_AGGRESSIVE;
				GCC_WARN_UNUSED_FUNCTION = YES;
				GCC_WARN_UNUSED_VARIABLE = YES;
				IPHONEOS_DEPLOYMENT_TARGET = 18.5;
				LOCALIZATION_PREFERS_STRING_CATALOGS = YES;
				MTL_ENABLE_DEBUG_INFO = NO;
				MTL_FAST_MATH = YES;
				SDKROOT = iphoneos;
				SWIFT_COMPILATION_MODE = wholemodule;
				VALIDATE_PRODUCT = YES;
			};
			name = Release;
		};
		397517D6303414CA00E3FB85 /* Debug */ = {
			isa = XCBuildConfiguration;
			baseConfigurationReferenceAnchor = 397517CC303414C900E3FB85 /* Weather-TCA */;
			baseConfigurationReferenceRelativePath = Secrets.xcconfig;
			buildSettings = {
				ASSETCATALOG_COMPILER_APPICON_NAME = AppIcon;
				ASSETCATALOG_COMPILER_GLOBAL_ACCENT_COLOR_NAME = AccentColor;
				CODE_SIGN_STYLE = Automatic;
				CURRENT_PROJECT_VERSION = 1;
				DEVELOPMENT_TEAM = 45ZBS99NG3;
				ENABLE_PREVIEWS = YES;
				GENERATE_INFOPLIST_FILE = YES;
				INFOPLIST_FILE = "Weather-TCA/Info.plist";
				INFOPLIST_KEY_UIApplicationSceneManifest_Generation = YES;
				INFOPLIST_KEY_UIApplicationSupportsIndirectInputEvents = YES;
				INFOPLIST_KEY_UILaunchScreen_Generation = YES;
				INFOPLIST_KEY_UISupportedInterfaceOrientations_iPad = "UIInterfaceOrientationPortrait UIInterfaceOrientationPortraitUpsideDown UIInterfaceOrientationLandscapeLeft UIInterfaceOrientationLandscapeRight";
				INFOPLIST_KEY_UISupportedInterfaceOrientations_iPhone = "UIInterfaceOrientationPortrait UIInterfaceOrientationLandscapeLeft UIInterfaceOrientationLandscapeRight";
				LD_RUNPATH_SEARCH_PATHS = (
					"$(inherited)",
					"@executable_path/Frameworks",
				);
				MARKETING_VERSION = 1.0;
				PRODUCT_BUNDLE_IDENTIFIER = "com.min.Weather-TCA";
				PRODUCT_NAME = "$(TARGET_NAME)";
				SWIFT_EMIT_LOC_STRINGS = YES;
				SWIFT_VERSION = 5.0;
				TARGETED_DEVICE_FAMILY = "1,2";
			};
			name = Debug;
		};
		397517D7303414CA00E3FB85 /* Release */ = {
			isa = XCBuildConfiguration;
			baseConfigurationReferenceAnchor = 397517CC303414C900E3FB85 /* Weather-TCA */;
			baseConfigurationReferenceRelativePath = Secrets.xcconfig;
			buildSettings = {
				ASSETCATALOG_COMPILER_APPICON_NAME = AppIcon;
				ASSETCATALOG_COMPILER_GLOBAL_ACCENT_COLOR_NAME = AccentColor;
				CODE_SIGN_STYLE = Automatic;
				CURRENT_PROJECT_VERSION = 1;
				DEVELOPMENT_TEAM = 45ZBS99NG3;
				ENABLE_PREVIEWS = YES;
				GENERATE_INFOPLIST_FILE = YES;
				INFOPLIST_FILE = "Weather-TCA/Info.plist";
				INFOPLIST_KEY_UIApplicationSceneManifest_Generation = YES;
				INFOPLIST_KEY_UIApplicationSupportsIndirectInputEvents = YES;
				INFOPLIST_KEY_UILaunchScreen_Generation = YES;
				INFOPLIST_KEY_UISupportedInterfaceOrientations_iPad = "UIInterfaceOrientationPortrait UIInterfaceOrientationPortraitUpsideDown UIInterfaceOrientationLandscapeLeft UIInterfaceOrientationLandscapeRight";
				INFOPLIST_KEY_UISupportedInterfaceOrientations_iPhone = "UIInterfaceOrientationPortrait UIInterfaceOrientationLandscapeLeft UIInterfaceOrientationLandscapeRight";
				LD_RUNPATH_SEARCH_PATHS = (
					"$(inherited)",
					"@executable_path/Frameworks",
				);
				MARKETING_VERSION = 1.0;
				PRODUCT_BUNDLE_IDENTIFIER = "com.min.Weather-TCA";
				PRODUCT_NAME = "$(TARGET_NAME)";
				SWIFT_EMIT_LOC_STRINGS = YES;
				SWIFT_VERSION = 5.0;
				TARGETED_DEVICE_FAMILY = "1,2";
			};
			name = Release;
		};
/* End XCBuildConfiguration section */

/* Begin XCConfigurationList section */
		3905E6DE303D81DD005CEFCB /* Build configuration list for PBXNativeTarget "Weather-TCATests" */ = {
			isa = XCConfigurationList;
			buildConfigurations = (
				3905E6DF303D81DD005CEFCB /* Debug */,
				3905E6E0303D81DD005CEFCB /* Release */,
			);
			defaultConfigurationIsVisible = 0;
			defaultConfigurationName = Release;
		};
		397517C5303414C900E3FB85 /* Build configuration list for PBXProject "Weather-TCA" */ = {
			isa = XCConfigurationList;
			buildConfigurations = (
				397517D3303414CA00E3FB85 /* Debug */,
				397517D4303414CA00E3FB85 /* Release */,
			);
			defaultConfigurationIsVisible = 0;
			defaultConfigurationName = Release;
		};
		397517D5303414CA00E3FB85 /* Build configuration list for PBXNativeTarget "Weather-TCA" */ = {
			isa = XCConfigurationList;
			buildConfigurations = (
				397517D6303414CA00E3FB85 /* Debug */,
				397517D7303414CA00E3FB85 /* Release */,
			);
			defaultConfigurationIsVisible = 0;
			defaultConfigurationName = Release;
		};
/* End XCConfigurationList section */

/* Begin XCRemoteSwiftPackageReference section */
		3917BA8F303418100014022F /* XCRemoteSwiftPackageReference "swift-composable-architecture" */ = {
			isa = XCRemoteSwiftPackageReference;
			repositoryURL = "https://github.com/pointfreeco/swift-composable-architecture";
			requirement = {
				kind = upToNextMajorVersion;
				minimumVersion = 1.26.1;
			};
		};
		3917BAAD3036C2950014022F /* XCRemoteSwiftPackageReference "Moya" */ = {
			isa = XCRemoteSwiftPackageReference;
			repositoryURL = "https://github.com/Moya/Moya.git";
			requirement = {
				kind = upToNextMajorVersion;
				minimumVersion = 15.0.3;
			};
		};
/* End XCRemoteSwiftPackageReference section */

/* Begin XCSwiftPackageProductDependency section */
		3905E6A230370B12005CEFCB /* Moya */ = {
			isa = XCSwiftPackageProductDependency;
			package = 3917BAAD3036C2950014022F /* XCRemoteSwiftPackageReference "Moya" */;
			productName = Moya;
		};
		3917BA90303418100014022F /* ComposableArchitecture */ = {
			isa = XCSwiftPackageProductDependency;
			package = 3917BA8F303418100014022F /* XCRemoteSwiftPackageReference "swift-composable-architecture" */;
			productName = ComposableArchitecture;
		};
/* End XCSwiftPackageProductDependency section */
	};
	rootObject = 397517C2303414C900E3FB85 /* Project object */;
}
